
Microsoft Visual Studio Solution File, Format Version 12.00
# Visual Studio Version 16
VisualStudioVersion = 16.0.30523.141
MinimumVisualStudioVersion = 10.0.40219.1
Project("{FAE04EC0-301F-11D3-BF4B-00C04F79EFBC}") = "Generating", "Generating\Generating.csproj", "{11F9623C-5C0A-4752-BB8F-06673B679A1E}"
EndProject
Global
	GlobalSection(SolutionConfigurationPlatforms) = preSolution
		Debug|Any CPU = Debug|Any CPU
		Release|Any CPU = Release|Any CPU
	EndGlobalSection
	GlobalSection(ProjectConfigurationPlatforms) = postSolution
		{11F9623C-5C0A-4752-BB8F-06673B679A1E}.Debug|Any CPU.ActiveCfg = Debug|Any CPU
		{11F9623C-5C0A-4752-BB8F-06673B679A1E}.Debug|Any CPU.Build.0 = Debug|Any CPU
		{11F9623C-5C0A-4752-BB8F-06673B679A1E}.Release|Any CPU.ActiveCfg = Release|Any CPU
		{11F9623C-5C0A-4752-BB8F-06673B679A1E}.Release|Any CPU.Build.0 = Release|Any CPU
	EndGlobalSection
	GlobalSection(SolutionProperties) = preSolution
		HideSolutionNode = FALSE
	EndGlobalSection
	GlobalSection(ExtensibilityGlobals) = postSolution
		SolutionGuid = {08C682E6-810F-4D1F-B84C-04D8298BEF0B}
	EndGlobalSection
EndGlobal
