
Microsoft Visual Studio Solution File, Format Version 12.00
# Visual Studio Version 16
VisualStudioVersion = 16.0.30523.141
MinimumVisualStudioVersion = 10.0.40219.1
Project("{FAE04EC0-301F-11D3-BF4B-00C04F79EFBC}") = "lab_3", "lab_3.csproj", "{16F2C04C-D5A8-4979-99AE-9DBA045D0ADD}"
EndProject
Global
	GlobalSection(SolutionConfigurationPlatforms) = preSolution
		Debug|Any CPU = Debug|Any CPU
		Release|Any CPU = Release|Any CPU
	EndGlobalSection
	GlobalSection(ProjectConfigurationPlatforms) = postSolution
		{16F2C04C-D5A8-4979-99AE-9DBA045D0ADD}.Debug|Any CPU.ActiveCfg = Debug|Any CPU
		{16F2C04C-D5A8-4979-99AE-9DBA045D0ADD}.Debug|Any CPU.Build.0 = Debug|Any CPU
		{16F2C04C-D5A8-4979-99AE-9DBA045D0ADD}.Release|Any CPU.ActiveCfg = Release|Any CPU
		{16F2C04C-D5A8-4979-99AE-9DBA045D0ADD}.Release|Any CPU.Build.0 = Release|Any CPU
	EndGlobalSection
	GlobalSection(SolutionProperties) = preSolution
		HideSolutionNode = FALSE
	EndGlobalSection
	GlobalSection(ExtensibilityGlobals) = postSolution
		SolutionGuid = {436F489E-410A-48AB-8A7A-A902CD90A854}
	EndGlobalSection
EndGlobal
